
Microsoft Visual Studio Solution File, Format Version 12.00
# Visual Studio Version 17
VisualStudioVersion = 17.13.35806.99 d17.13
MinimumVisualStudioVersion = 10.0.40219.1
Project("{FAE04EC0-301F-11D3-BF4B-00C04F79EFBC}") = "backend", "backend.csproj", "{2AA4ED12-F596-42B7-BDA5-CFF383CB71F7}"
EndProject
Global
	GlobalSection(SolutionConfigurationPlatforms) = preSolution
		Debug|Any CPU = Debug|Any CPU
		Release|Any CPU = Release|Any CPU
	EndGlobalSection
	GlobalSection(ProjectConfigurationPlatforms) = postSolution
		{2AA4ED12-F596-42B7-BDA5-CFF383CB71F7}.Debug|Any CPU.ActiveCfg = Debug|Any CPU
		{2AA4ED12-F596-42B7-BDA5-CFF383CB71F7}.Debug|Any CPU.Build.0 = Debug|Any CPU
		{2AA4ED12-F596-42B7-BDA5-CFF383CB71F7}.Release|Any CPU.ActiveCfg = Release|Any CPU
		{2AA4ED12-F596-42B7-BDA5-CFF383CB71F7}.Release|Any CPU.Build.0 = Release|Any CPU
	EndGlobalSection
	GlobalSection(SolutionProperties) = preSolution
		HideSolutionNode = FALSE
	EndGlobalSection
	GlobalSection(ExtensibilityGlobals) = postSolution
		SolutionGuid = {909F45BA-08D1-47A3-9832-7DE93CDE5F70}
	EndGlobalSection
EndGlobal
